
Microsoft Visual Studio Solution File, Format Version 12.00
# Visual Studio Version 16
VisualStudioVersion = 16.0.30114.105
MinimumVisualStudioVersion = 10.0.40219.1
Project("{9A19103F-16F7-4668-BE54-9A1E7A4F7556}") = "R5T.B0003", "R5T.B0003\R5T.B0003.csproj", "{DBD63126-DE2D-4EBF-9036-942EA5E20448}"
EndProject
Project("{2150E333-8FDC-42A3-9474-1A3956D46DE8}") = "_Dependencies", "_Dependencies", "{61E410AA-19DA-4A45-A145-F717D7B698A1}"
EndProject
Project("{9A19103F-16F7-4668-BE54-9A1E7A4F7556}") = "R5T.T0039.T002", "..\..\R5T.T0039\source\R5T.T0039.T002\R5T.T0039.T002.csproj", "{5478324B-1B35-4E81-92B1-D92895111350}"
EndProject
Project("{9A19103F-16F7-4668-BE54-9A1E7A4F7556}") = "R5T.B0003.X001", "R5T.B0003.X001\R5T.B0003.X001.csproj", "{EA46BFE4-D7ED-4A63-8FD3-4D79433BC2B6}"
EndProject
Project("{9A19103F-16F7-4668-BE54-9A1E7A4F7556}") = "R5T.B0002.X001", "..\..\R5T.B0002\source\R5T.B0002.X001\R5T.B0002.X001.csproj", "{E4C17F13-2C27-472A-8476-50FB5F79CC32}"
EndProject
Project("{9A19103F-16F7-4668-BE54-9A1E7A4F7556}") = "R5T.B0000.X001", "..\..\R5T.B0000\source\R5T.B0000.X001\R5T.B0000.X001.csproj", "{E4929426-548A-47D3-9103-56E2F7C7A5EE}"
EndProject
Project("{9A19103F-16F7-4668-BE54-9A1E7A4F7556}") = "R5T.Magyar", "..\..\R5T.Magyar\source\R5T.Magyar\R5T.Magyar.csproj", "{E39DD4BB-AE33-46C1-AF35-F7EEFDD84AC2}"
EndProject
Project("{9A19103F-16F7-4668-BE54-9A1E7A4F7556}") = "R5T.B0000", "..\..\R5T.B0000\source\R5T.B0000\R5T.B0000.csproj", "{7D15BBCD-BF9B-4A0F-B7EA-6E93EC037160}"
EndProject
Project("{9A19103F-16F7-4668-BE54-9A1E7A4F7556}") = "R5T.B0002", "..\..\R5T.B0002\source\R5T.B0002\R5T.B0002.csproj", "{E7AAEB64-D5F5-424A-ABED-665888427584}"
EndProject
Project("{9A19103F-16F7-4668-BE54-9A1E7A4F7556}") = "R5T.B0001.X001", "..\..\R5T.B0001\source\R5T.B0001.X001\R5T.B0001.X001.csproj", "{A1C0446F-DAD2-4FEE-8D07-1C0BB8C39302}"
EndProject
Project("{9A19103F-16F7-4668-BE54-9A1E7A4F7556}") = "R5T.Y0001", "..\..\R5T.Y0001\source\R5T.Y0001\R5T.Y0001.csproj", "{46A6C5A2-E5A4-4AE2-890D-010B7B3B8D6E}"
EndProject
Global
	GlobalSection(SolutionConfigurationPlatforms) = preSolution
		Debug|Any CPU = Debug|Any CPU
		Debug|x64 = Debug|x64
		Debug|x86 = Debug|x86
		Release|Any CPU = Release|Any CPU
		Release|x64 = Release|x64
		Release|x86 = Release|x86
	EndGlobalSection
	GlobalSection(ProjectConfigurationPlatforms) = postSolution
		{DBD63126-DE2D-4EBF-9036-942EA5E20448}.Debug|Any CPU.ActiveCfg = Debug|Any CPU
		{DBD63126-DE2D-4EBF-9036-942EA5E20448}.Debug|Any CPU.Build.0 = Debug|Any CPU
		{DBD63126-DE2D-4EBF-9036-942EA5E20448}.Debug|x64.ActiveCfg = Debug|Any CPU
		{DBD63126-DE2D-4EBF-9036-942EA5E20448}.Debug|x64.Build.0 = Debug|Any CPU
		{DBD63126-DE2D-4EBF-9036-942EA5E20448}.Debug|x86.ActiveCfg = Debug|Any CPU
		{DBD63126-DE2D-4EBF-9036-942EA5E20448}.Debug|x86.Build.0 = Debug|Any CPU
		{DBD63126-DE2D-4EBF-9036-942EA5E20448}.Release|Any CPU.ActiveCfg = Release|Any CPU
		{DBD63126-DE2D-4EBF-9036-942EA5E20448}.Release|Any CPU.Build.0 = Release|Any CPU
		{DBD63126-DE2D-4EBF-9036-942EA5E20448}.Release|x64.ActiveCfg = Release|Any CPU
		{DBD63126-DE2D-4EBF-9036-942EA5E20448}.Release|x64.Build.0 = Release|Any CPU
		{DBD63126-DE2D-4EBF-9036-942EA5E20448}.Release|x86.ActiveCfg = Release|Any CPU
		{DBD63126-DE2D-4EBF-9036-942EA5E20448}.Release|x86.Build.0 = Release|Any CPU
		{5478324B-1B35-4E81-92B1-D92895111350}.Debug|Any CPU.ActiveCfg = Debug|Any CPU
		{5478324B-1B35-4E81-92B1-D92895111350}.Debug|Any CPU.Build.0 = Debug|Any CPU
		{5478324B-1B35-4E81-92B1-D92895111350}.Debug|x64.ActiveCfg = Debug|Any CPU
		{5478324B-1B35-4E81-92B1-D92895111350}.Debug|x64.Build.0 = Debug|Any CPU
		{5478324B-1B35-4E81-92B1-D92895111350}.Debug|x86.ActiveCfg = Debug|Any CPU
		{5478324B-1B35-4E81-92B1-D92895111350}.Debug|x86.Build.0 = Debug|Any CPU
		{5478324B-1B35-4E81-92B1-D92895111350}.Release|Any CPU.ActiveCfg = Release|Any CPU
		{5478324B-1B35-4E81-92B1-D92895111350}.Release|Any CPU.Build.0 = Release|Any CPU
		{5478324B-1B35-4E81-92B1-D92895111350}.Release|x64.ActiveCfg = Release|Any CPU
		{5478324B-1B35-4E81-92B1-D92895111350}.Release|x64.Build.0 = Release|Any CPU
		{5478324B-1B35-4E81-92B1-D92895111350}.Release|x86.ActiveCfg = Release|Any CPU
		{5478324B-1B35-4E81-92B1-D92895111350}.Release|x86.Build.0 = Release|Any CPU
		{EA46BFE4-D7ED-4A63-8FD3-4D79433BC2B6}.Debug|Any CPU.ActiveCfg = Debug|Any CPU
		{EA46BFE4-D7ED-4A63-8FD3-4D79433BC2B6}.Debug|Any CPU.Build.0 = Debug|Any CPU
		{EA46BFE4-D7ED-4A63-8FD3-4D79433BC2B6}.Debug|x64.ActiveCfg = Debug|Any CPU
		{EA46BFE4-D7ED-4A63-8FD3-4D79433BC2B6}.Debug|x64.Build.0 = Debug|Any CPU
		{EA46BFE4-D7ED-4A63-8FD3-4D79433BC2B6}.Debug|x86.ActiveCfg = Debug|Any CPU
		{EA46BFE4-D7ED-4A63-8FD3-4D79433BC2B6}.Debug|x86.Build.0 = Debug|Any CPU
		{EA46BFE4-D7ED-4A63-8FD3-4D79433BC2B6}.Release|Any CPU.ActiveCfg = Release|Any CPU
		{EA46BFE4-D7ED-4A63-8FD3-4D79433BC2B6}.Release|Any CPU.Build.0 = Release|Any CPU
		{EA46BFE4-D7ED-4A63-8FD3-4D79433BC2B6}.Release|x64.ActiveCfg = Release|Any CPU
		{EA46BFE4-D7ED-4A63-8FD3-4D79433BC2B6}.Release|x64.Build.0 = Release|Any CPU
		{EA46BFE4-D7ED-4A63-8FD3-4D79433BC2B6}.Release|x86.ActiveCfg = Release|Any CPU
		{EA46BFE4-D7ED-4A63-8FD3-4D79433BC2B6}.Release|x86.Build.0 = Release|Any CPU
		{E4C17F13-2C27-472A-8476-50FB5F79CC32}.Debug|Any CPU.ActiveCfg = Debug|Any CPU
		{E4C17F13-2C27-472A-8476-50FB5F79CC32}.Debug|Any CPU.Build.0 = Debug|Any CPU
		{E4C17F13-2C27-472A-8476-50FB5F79CC32}.Debug|x64.ActiveCfg = Debug|Any CPU
		{E4C17F13-2C27-472A-8476-50FB5F79CC32}.Debug|x64.Build.0 = Debug|Any CPU
		{E4C17F13-2C27-472A-8476-50FB5F79CC32}.Debug|x86.ActiveCfg = Debug|Any CPU
		{E4C17F13-2C27-472A-8476-50FB5F79CC32}.Debug|x86.Build.0 = Debug|Any CPU
		{E4C17F13-2C27-472A-8476-50FB5F79CC32}.Release|Any CPU.ActiveCfg = Release|Any CPU
		{E4C17F13-2C27-472A-8476-50FB5F79CC32}.Release|Any CPU.Build.0 = Release|Any CPU
		{E4C17F13-2C27-472A-8476-50FB5F79CC32}.Release|x64.ActiveCfg = Release|Any CPU
		{E4C17F13-2C27-472A-8476-50FB5F79CC32}.Release|x64.Build.0 = Release|Any CPU
		{E4C17F13-2C27-472A-8476-50FB5F79CC32}.Release|x86.ActiveCfg = Release|Any CPU
		{E4C17F13-2C27-472A-8476-50FB5F79CC32}.Release|x86.Build.0 = Release|Any CPU
		{E4929426-548A-47D3-9103-56E2F7C7A5EE}.Debug|Any CPU.ActiveCfg = Debug|Any CPU
		{E4929426-548A-47D3-9103-56E2F7C7A5EE}.Debug|Any CPU.Build.0 = Debug|Any CPU
		{E4929426-548A-47D3-9103-56E2F7C7A5EE}.Debug|x64.ActiveCfg = Debug|Any CPU
		{E4929426-548A-47D3-9103-56E2F7C7A5EE}.Debug|x64.Build.0 = Debug|Any CPU
		{E4929426-548A-47D3-9103-56E2F7C7A5EE}.Debug|x86.ActiveCfg = Debug|Any CPU
		{E4929426-548A-47D3-9103-56E2F7C7A5EE}.Debug|x86.Build.0 = Debug|Any CPU
		{E4929426-548A-47D3-9103-56E2F7C7A5EE}.Release|Any CPU.ActiveCfg = Release|Any CPU
		{E4929426-548A-47D3-9103-56E2F7C7A5EE}.Release|Any CPU.Build.0 = Release|Any CPU
		{E4929426-548A-47D3-9103-56E2F7C7A5EE}.Release|x64.ActiveCfg = Release|Any CPU
		{E4929426-548A-47D3-9103-56E2F7C7A5EE}.Release|x64.Build.0 = Release|Any CPU
		{E4929426-548A-47D3-9103-56E2F7C7A5EE}.Release|x86.ActiveCfg = Release|Any CPU
		{E4929426-548A-47D3-9103-56E2F7C7A5EE}.Release|x86.Build.0 = Release|Any CPU
		{E39DD4BB-AE33-46C1-AF35-F7EEFDD84AC2}.Debug|Any CPU.ActiveCfg = Debug|Any CPU
		{E39DD4BB-AE33-46C1-AF35-F7EEFDD84AC2}.Debug|Any CPU.Build.0 = Debug|Any CPU
		{E39DD4BB-AE33-46C1-AF35-F7EEFDD84AC2}.Debug|x64.ActiveCfg = Debug|Any CPU
		{E39DD4BB-AE33-46C1-AF35-F7EEFDD84AC2}.Debug|x64.Build.0 = Debug|Any CPU
		{E39DD4BB-AE33-46C1-AF35-F7EEFDD84AC2}.Debug|x86.ActiveCfg = Debug|Any CPU
		{E39DD4BB-AE33-46C1-AF35-F7EEFDD84AC2}.Debug|x86.Build.0 = Debug|Any CPU
		{E39DD4BB-AE33-46C1-AF35-F7EEFDD84AC2}.Release|Any CPU.ActiveCfg = Release|Any CPU
		{E39DD4BB-AE33-46C1-AF35-F7EEFDD84AC2}.Release|Any CPU.Build.0 = Release|Any CPU
		{E39DD4BB-AE33-46C1-AF35-F7EEFDD84AC2}.Release|x64.ActiveCfg = Release|Any CPU
		{E39DD4BB-AE33-46C1-AF35-F7EEFDD84AC2}.Release|x64.Build.0 = Release|Any CPU
		{E39DD4BB-AE33-46C1-AF35-F7EEFDD84AC2}.Release|x86.ActiveCfg = Release|Any CPU
		{E39DD4BB-AE33-46C1-AF35-F7EEFDD84AC2}.Release|x86.Build.0 = Release|Any CPU
		{7D15BBCD-BF9B-4A0F-B7EA-6E93EC037160}.Debug|Any CPU.ActiveCfg = Debug|Any CPU
		{7D15BBCD-BF9B-4A0F-B7EA-6E93EC037160}.Debug|Any CPU.Build.0 = Debug|Any CPU
		{7D15BBCD-BF9B-4A0F-B7EA-6E93EC037160}.Debug|x64.ActiveCfg = Debug|Any CPU
		{7D15BBCD-BF9B-4A0F-B7EA-6E93EC037160}.Debug|x64.Build.0 = Debug|Any CPU
		{7D15BBCD-BF9B-4A0F-B7EA-6E93EC037160}.Debug|x86.ActiveCfg = Debug|Any CPU
		{7D15BBCD-BF9B-4A0F-B7EA-6E93EC037160}.Debug|x86.Build.0 = Debug|Any CPU
		{7D15BBCD-BF9B-4A0F-B7EA-6E93EC037160}.Release|Any CPU.ActiveCfg = Release|Any CPU
		{7D15BBCD-BF9B-4A0F-B7EA-6E93EC037160}.Release|Any CPU.Build.0 = Release|Any CPU
		{7D15BBCD-BF9B-4A0F-B7EA-6E93EC037160}.Release|x64.ActiveCfg = Release|Any CPU
		{7D15BBCD-BF9B-4A0F-B7EA-6E93EC037160}.Release|x64.Build.0 = Release|Any CPU
		{7D15BBCD-BF9B-4A0F-B7EA-6E93EC037160}.Release|x86.ActiveCfg = Release|Any CPU
		{7D15BBCD-BF9B-4A0F-B7EA-6E93EC037160}.Release|x86.Build.0 = Release|Any CPU
		{E7AAEB64-D5F5-424A-ABED-665888427584}.Debug|Any CPU.ActiveCfg = Debug|Any CPU
		{E7AAEB64-D5F5-424A-ABED-665888427584}.Debug|Any CPU.Build.0 = Debug|Any CPU
		{E7AAEB64-D5F5-424A-ABED-665888427584}.Debug|x64.ActiveCfg = Debug|Any CPU
		{E7AAEB64-D5F5-424A-ABED-665888427584}.Debug|x64.Build.0 = Debug|Any CPU
		{E7AAEB64-D5F5-424A-ABED-665888427584}.Debug|x86.ActiveCfg = Debug|Any CPU
		{E7AAEB64-D5F5-424A-ABED-665888427584}.Debug|x86.Build.0 = Debug|Any CPU
		{E7AAEB64-D5F5-424A-ABED-665888427584}.Release|Any CPU.ActiveCfg = Release|Any CPU
		{E7AAEB64-D5F5-424A-ABED-665888427584}.Release|Any CPU.Build.0 = Release|Any CPU
		{E7AAEB64-D5F5-424A-ABED-665888427584}.Release|x64.ActiveCfg = Release|Any CPU
		{E7AAEB64-D5F5-424A-ABED-665888427584}.Release|x64.Build.0 = Release|Any CPU
		{E7AAEB64-D5F5-424A-ABED-665888427584}.Release|x86.ActiveCfg = Release|Any CPU
		{E7AAEB64-D5F5-424A-ABED-665888427584}.Release|x86.Build.0 = Release|Any CPU
		{A1C0446F-DAD2-4FEE-8D07-1C0BB8C39302}.Debug|Any CPU.ActiveCfg = Debug|Any CPU
		{A1C0446F-DAD2-4FEE-8D07-1C0BB8C39302}.Debug|Any CPU.Build.0 = Debug|Any CPU
		{A1C0446F-DAD2-4FEE-8D07-1C0BB8C39302}.Debug|x64.ActiveCfg = Debug|Any CPU
		{A1C0446F-DAD2-4FEE-8D07-1C0BB8C39302}.Debug|x64.Build.0 = Debug|Any CPU
		{A1C0446F-DAD2-4FEE-8D07-1C0BB8C39302}.Debug|x86.ActiveCfg = Debug|Any CPU
		{A1C0446F-DAD2-4FEE-8D07-1C0BB8C39302}.Debug|x86.Build.0 = Debug|Any CPU
		{A1C0446F-DAD2-4FEE-8D07-1C0BB8C39302}.Release|Any CPU.ActiveCfg = Release|Any CPU
		{A1C0446F-DAD2-4FEE-8D07-1C0BB8C39302}.Release|Any CPU.Build.0 = Release|Any CPU
		{A1C0446F-DAD2-4FEE-8D07-1C0BB8C39302}.Release|x64.ActiveCfg = Release|Any CPU
		{A1C0446F-DAD2-4FEE-8D07-1C0BB8C39302}.Release|x64.Build.0 = Release|Any CPU
		{A1C0446F-DAD2-4FEE-8D07-1C0BB8C39302}.Release|x86.ActiveCfg = Release|Any CPU
		{A1C0446F-DAD2-4FEE-8D07-1C0BB8C39302}.Release|x86.Build.0 = Release|Any CPU
		{46A6C5A2-E5A4-4AE2-890D-010B7B3B8D6E}.Debug|Any CPU.ActiveCfg = Debug|Any CPU
		{46A6C5A2-E5A4-4AE2-890D-010B7B3B8D6E}.Debug|Any CPU.Build.0 = Debug|Any CPU
		{46A6C5A2-E5A4-4AE2-890D-010B7B3B8D6E}.Debug|x64.ActiveCfg = Debug|Any CPU
		{46A6C5A2-E5A4-4AE2-890D-010B7B3B8D6E}.Debug|x64.Build.0 = Debug|Any CPU
		{46A6C5A2-E5A4-4AE2-890D-010B7B3B8D6E}.Debug|x86.ActiveCfg = Debug|Any CPU
		{46A6C5A2-E5A4-4AE2-890D-010B7B3B8D6E}.Debug|x86.Build.0 = Debug|Any CPU
		{46A6C5A2-E5A4-4AE2-890D-010B7B3B8D6E}.Release|Any CPU.ActiveCfg = Release|Any CPU
		{46A6C5A2-E5A4-4AE2-890D-010B7B3B8D6E}.Release|Any CPU.Build.0 = Release|Any CPU
		{46A6C5A2-E5A4-4AE2-890D-010B7B3B8D6E}.Release|x64.ActiveCfg = Release|Any CPU
		{46A6C5A2-E5A4-4AE2-890D-010B7B3B8D6E}.Release|x64.Build.0 = Release|Any CPU
		{46A6C5A2-E5A4-4AE2-890D-010B7B3B8D6E}.Release|x86.ActiveCfg = Release|Any CPU
		{46A6C5A2-E5A4-4AE2-890D-010B7B3B8D6E}.Release|x86.Build.0 = Release|Any CPU
	EndGlobalSection
	GlobalSection(SolutionProperties) = preSolution
		HideSolutionNode = FALSE
	EndGlobalSection
	GlobalSection(NestedProjects) = preSolution
		{5478324B-1B35-4E81-92B1-D92895111350} = {61E410AA-19DA-4A45-A145-F717D7B698A1}
		{E4C17F13-2C27-472A-8476-50FB5F79CC32} = {61E410AA-19DA-4A45-A145-F717D7B698A1}
		{E4929426-548A-47D3-9103-56E2F7C7A5EE} = {61E410AA-19DA-4A45-A145-F717D7B698A1}
		{E39DD4BB-AE33-46C1-AF35-F7EEFDD84AC2} = {61E410AA-19DA-4A45-A145-F717D7B698A1}
		{7D15BBCD-BF9B-4A0F-B7EA-6E93EC037160} = {61E410AA-19DA-4A45-A145-F717D7B698A1}
		{E7AAEB64-D5F5-424A-ABED-665888427584} = {61E410AA-19DA-4A45-A145-F717D7B698A1}
		{A1C0446F-DAD2-4FEE-8D07-1C0BB8C39302} = {61E410AA-19DA-4A45-A145-F717D7B698A1}
		{46A6C5A2-E5A4-4AE2-890D-010B7B3B8D6E} = {61E410AA-19DA-4A45-A145-F717D7B698A1}
	EndGlobalSection
	GlobalSection(ExtensibilityGlobals) = postSolution
		SolutionGuid = {C1FE2DD1-8671-418E-BB48-DE976A262321}
	EndGlobalSection
EndGlobal
